Microsoft Visual Studio Solution File, Format Version 12.00
# Visual Studio Version 17
VisualStudioVersion = 17.0.0.0 # Can be adjusted to actual VS version if known
MinimumVisualStudioVersion = 10.0.40219.1
Project("{FAE04EC0-301F-11D3-BF4B-00C04F79EFBC}") = "SwipeService", "SwipeService.csproj", "{a1c4a3c8-2b68-3d5c-8a9f-1a5c4b7d2e1f}"
EndProject
# Assuming no test project for swipe-service, if one exists, add it here
Global
	GlobalSection(SolutionConfigurationPlatforms) = preSolution
		Debug|Any CPU = Debug|Any CPU
		Release|Any CPU = Release|Any CPU
	EndGlobalSection
	GlobalSection(ProjectConfigurationPlatforms) = postSolution
		{a1c4a3c8-2b68-3d5c-8a9f-1a5c4b7d2e1f}.Debug|Any CPU.ActiveCfg = Debug|Any CPU
		{a1c4a3c8-2b68-3d5c-8a9f-1a5c4b7d2e1f}.Debug|Any CPU.Build.0 = Debug|Any CPU
		{a1c4a3c8-2b68-3d5c-8a9f-1a5c4b7d2e1f}.Release|Any CPU.ActiveCfg = Release|Any CPU
		{a1c4a3c8-2b68-3d5c-8a9f-1a5c4b7d2e1f}.Release|Any CPU.Build.0 = Release|Any CPU
	EndGlobalSection
	GlobalSection(SolutionProperties) = preSolution
		HideSolutionNode = FALSE
	EndGlobalSection
	GlobalSection(ExtensibilityGlobals) = postSolution
		SolutionGuid = {26c0fedf-9784-4cd5-bb6c-506957418272}
	EndGlobalSection
EndGlobal